// !$*UTF8*$!
{
	archiveVersion = 1;
	classes = {
	};
	objectVersion = 56;
	objects = {

/* Begin PBXBuildFile section */
		9054E0C32BF648450047BAF4 /* FavouriteViewController.swift in Sources */ = {isa = PBXBuildFile; fileRef = 9054E0C12BF648450047BAF4 /* FavouriteViewController.swift */; };
		9054E0C42BF648450047BAF4 /* FavouriteViewController.xib in Resources */ = {isa = PBXBuildFile; fileRef = 9054E0C22BF648450047BAF4 /* FavouriteViewController.xib */; };
		9054E0C62BF648850047BAF4 /* ExploreViewModel.swift in Sources */ = {isa = PBXBuildFile; fileRef = 9054E0C52BF648850047BAF4 /* ExploreViewModel.swift */; };
		9054E0C82BF656F80047BAF4 /* NotificationCenter+Name.swift in Sources */ = {isa = PBXBuildFile; fileRef = 9054E0C72BF656F80047BAF4 /* NotificationCenter+Name.swift */; };
		9054E0CA2BF65D650047BAF4 /* RootNavigationController.swift in Sources */ = {isa = PBXBuildFile; fileRef = 9054E0C92BF65D650047BAF4 /* RootNavigationController.swift */; };
		9054E0CE2BF65F390047BAF4 /* DetailViewController.swift in Sources */ = {isa = PBXBuildFile; fileRef = 9054E0CC2BF65F390047BAF4 /* DetailViewController.swift */; };
		9054E0CF2BF65F390047BAF4 /* DetailViewController.xib in Resources */ = {isa = PBXBuildFile; fileRef = 9054E0CD2BF65F390047BAF4 /* DetailViewController.xib */; };
		9054E0D12BF663390047BAF4 /* DetailViewModel.swift in Sources */ = {isa = PBXBuildFile; fileRef = 9054E0D02BF663390047BAF4 /* DetailViewModel.swift */; };
		9054E0D42BF663A50047BAF4 /* DetailReusableView.swift in Sources */ = {isa = PBXBuildFile; fileRef = 9054E0D22BF663A50047BAF4 /* DetailReusableView.swift */; };
		9054E0D52BF663A50047BAF4 /* DetailReusableView.xib in Resources */ = {isa = PBXBuildFile; fileRef = 9054E0D32BF663A50047BAF4 /* DetailReusableView.xib */; };
		9054E0D72BF664530047BAF4 /* Video.swift in Sources */ = {isa = PBXBuildFile; fileRef = 9054E0D62BF664530047BAF4 /* Video.swift */; };
		9054E0DA2BF666040047BAF4 /* MoviePosterCollectionViewCell.swift in Sources */ = {isa = PBXBuildFile; fileRef = 9054E0D82BF666040047BAF4 /* MoviePosterCollectionViewCell.swift */; };
		9054E0DB2BF666040047BAF4 /* MoviePosterCollectionViewCell.xib in Resources */ = {isa = PBXBuildFile; fileRef = 9054E0D92BF666040047BAF4 /* MoviePosterCollectionViewCell.xib */; };
		9083BA662BF5CBAA00D88019 /* AppDelegate.swift in Sources */ = {isa = PBXBuildFile; fileRef = 9083BA652BF5CBAA00D88019 /* AppDelegate.swift */; };
		9083BA682BF5CBAA00D88019 /* SceneDelegate.swift in Sources */ = {isa = PBXBuildFile; fileRef = 9083BA672BF5CBAA00D88019 /* SceneDelegate.swift */; };
		9083BA702BF5CBAA00D88019 /* MovieSaver.xcdatamodeld in Sources */ = {isa = PBXBuildFile; fileRef = 9083BA6E2BF5CBAA00D88019 /* MovieSaver.xcdatamodeld */; };
		9083BA722BF5CBAD00D88019 /* Assets.xcassets in Resources */ = {isa = PBXBuildFile; fileRef = 9083BA712BF5CBAD00D88019 /* Assets.xcassets */; };
		9083BA752BF5CBAD00D88019 /* LaunchScreen.storyboard in Resources */ = {isa = PBXBuildFile; fileRef = 9083BA732BF5CBAD00D88019 /* LaunchScreen.storyboard */; };
		9083BA7D2BF5D72400D88019 /* RootTabBarViewController.swift in Sources */ = {isa = PBXBuildFile; fileRef = 9083BA7C2BF5D72400D88019 /* RootTabBarViewController.swift */; };
		9083BA802BF5DA5600D88019 /* ExploreViewController.swift in Sources */ = {isa = PBXBuildFile; fileRef = 9083BA7E2BF5DA5600D88019 /* ExploreViewController.swift */; };
		9083BA812BF5DA5600D88019 /* ExploreViewController.xib in Resources */ = {isa = PBXBuildFile; fileRef = 9083BA7F2BF5DA5600D88019 /* ExploreViewController.xib */; };
		9083BA872BF5E10C00D88019 /* CarouselCollectionViewFlowLayout.swift in Sources */ = {isa = PBXBuildFile; fileRef = 9083BA862BF5E10C00D88019 /* CarouselCollectionViewFlowLayout.swift */; };
		9083BA8B2BF5E32A00D88019 /* CarouselCollectionViewCell.swift in Sources */ = {isa = PBXBuildFile; fileRef = 9083BA8A2BF5E32A00D88019 /* CarouselCollectionViewCell.swift */; };
		9083BA8D2BF5EA0F00D88019 /* NetworkManager.swift in Sources */ = {isa = PBXBuildFile; fileRef = 9083BA8C2BF5EA0F00D88019 /* NetworkManager.swift */; };
		9083BA8F2BF5EB9000D88019 /* Movie.swift in Sources */ = {isa = PBXBuildFile; fileRef = 9083BA8E2BF5EB9000D88019 /* Movie.swift */; };
		9083BA912BF5F0CB00D88019 /* Genre.swift in Sources */ = {isa = PBXBuildFile; fileRef = 9083BA902BF5F0CB00D88019 /* Genre.swift */; };
		9083BA952BF5F8C000D88019 /* CategoryCollectionReusableView.swift in Sources */ = {isa = PBXBuildFile; fileRef = 9083BA942BF5F8C000D88019 /* CategoryCollectionReusableView.swift */; };
		9083BA992BF60D9500D88019 /* CategoryViewModel.swift in Sources */ = {isa = PBXBuildFile; fileRef = 9083BA982BF60D9500D88019 /* CategoryViewModel.swift */; };
		9083BA9C2BF610F700D88019 /* CategoryCollectionViewCell.swift in Sources */ = {isa = PBXBuildFile; fileRef = 9083BA9A2BF610F700D88019 /* CategoryCollectionViewCell.swift */; };
		9083BA9D2BF610F700D88019 /* CategoryCollectionViewCell.xib in Resources */ = {isa = PBXBuildFile; fileRef = 9083BA9B2BF610F700D88019 /* CategoryCollectionViewCell.xib */; };
		9083BAA12BF6154F00D88019 /* DiscoveryCollectionViewCell.swift in Sources */ = {isa = PBXBuildFile; fileRef = 9083BA9F2BF6154F00D88019 /* DiscoveryCollectionViewCell.swift */; };
		9083BAA22BF6154F00D88019 /* DiscoveryCollectionViewCell.xib in Resources */ = {isa = PBXBuildFile; fileRef = 9083BAA02BF6154F00D88019 /* DiscoveryCollectionViewCell.xib */; };
		9083BAA42BF615C600D88019 /* UIImageView+LoadUrl.swift in Sources */ = {isa = PBXBuildFile; fileRef = 9083BAA32BF615C600D88019 /* UIImageView+LoadUrl.swift */; };
		90A45CD22BF6383C00E15DEB /* DiscoveryViewModel.swift in Sources */ = {isa = PBXBuildFile; fileRef = 90A45CD12BF6383C00E15DEB /* DiscoveryViewModel.swift */; };
		90C905252BF83E2C009C4A30 /* Localizable.strings in Resources */ = {isa = PBXBuildFile; fileRef = 90C905272BF83E2C009C4A30 /* Localizable.strings */; };
		90C905292BF83F73009C4A30 /* String+Localization.swift in Sources */ = {isa = PBXBuildFile; fileRef = 90C905282BF83F73009C4A30 /* String+Localization.swift */; };
		90C9052B2BF8446C009C4A30 /* NotificationView.swift in Sources */ = {isa = PBXBuildFile; fileRef = 90C9052A2BF8446C009C4A30 /* NotificationView.swift */; };
		90C905312BF87C75009C4A30 /* WebKit.framework in Frameworks */ = {isa = PBXBuildFile; fileRef = 90C905302BF87C75009C4A30 /* WebKit.framework */; };
		90C905342BF99B1B009C4A30 /* SearchViewController.swift in Sources */ = {isa = PBXBuildFile; fileRef = 90C905332BF99B1B009C4A30 /* SearchViewController.swift */; };
		90C905362BF99EF8009C4A30 /* SearchViewModel.swift in Sources */ = {isa = PBXBuildFile; fileRef = 90C905352BF99EF8009C4A30 /* SearchViewModel.swift */; };
		90C905382BF9A618009C4A30 /* UIViewController+HideKeyboard.swift in Sources */ = {isa = PBXBuildFile; fileRef = 90C905372BF9A618009C4A30 /* UIViewController+HideKeyboard.swift */; };
		90E45A212BF6E32800EE9446 /* DataPersistenceManager.swift in Sources */ = {isa = PBXBuildFile; fileRef = 90E45A202BF6E32800EE9446 /* DataPersistenceManager.swift */; };
		90E45A232BF6EF1500EE9446 /* FavouriteViewModel.swift in Sources */ = {isa = PBXBuildFile; fileRef = 90E45A222BF6EF1500EE9446 /* FavouriteViewModel.swift */; };
		90E45A292BF713BB00EE9446 /* MovieCollectionViewCell.swift in Sources */ = {isa = PBXBuildFile; fileRef = 90E45A272BF713BB00EE9446 /* MovieCollectionViewCell.swift */; };
		90E45A2A2BF713BB00EE9446 /* MovieCollectionViewCell.xib in Resources */ = {isa = PBXBuildFile; fileRef = 90E45A282BF713BB00EE9446 /* MovieCollectionViewCell.xib */; };
		90E45A2C2BF7163100EE9446 /* ViewController.swift in Sources */ = {isa = PBXBuildFile; fileRef = 90E45A2B2BF7163100EE9446 /* ViewController.swift */; };
/* End PBXBuildFile section */

/* Begin PBXFileReference section */
		9054E0C12BF648450047BAF4 /* FavouriteViewController.swift */ = {isa = PBXFileReference; fileEncoding = 4; lastKnownFileType = sourcecode.swift; path = FavouriteViewController.swift; sourceTree = "<group>"; };
		9054E0C22BF648450047BAF4 /* FavouriteViewController.xib */ = {isa = PBXFileReference; fileEncoding = 4; lastKnownFileType = file.xib; path = FavouriteViewController.xib; sourceTree = "<group>"; };
		9054E0C52BF648850047BAF4 /* ExploreViewModel.swift */ = {isa = PBXFileReference; lastKnownFileType = sourcecode.swift; path = ExploreViewModel.swift; sourceTree = "<group>"; };
		9054E0C72BF656F80047BAF4 /* NotificationCenter+Name.swift */ = {isa = PBXFileReference; lastKnownFileType = sourcecode.swift; path = "NotificationCenter+Name.swift"; sourceTree = "<group>"; };
		9054E0C92BF65D650047BAF4 /* RootNavigationController.swift */ = {isa = PBXFileReference; lastKnownFileType = sourcecode.swift; path = RootNavigationController.swift; sourceTree = "<group>"; };
		9054E0CC2BF65F390047BAF4 /* DetailViewController.swift */ = {isa = PBXFileReference; lastKnownFileType = sourcecode.swift; path = DetailViewController.swift; sourceTree = "<group>"; };
		9054E0CD2BF65F390047BAF4 /* DetailViewController.xib */ = {isa = PBXFileReference; lastKnownFileType = file.xib; path = DetailViewController.xib; sourceTree = "<group>"; };
		9054E0D02BF663390047BAF4 /* DetailViewModel.swift */ = {isa = PBXFileReference; lastKnownFileType = sourcecode.swift; path = DetailViewModel.swift; sourceTree = "<group>"; };
		9054E0D22BF663A50047BAF4 /* DetailReusableView.swift */ = {isa = PBXFileReference; lastKnownFileType = sourcecode.swift; path = DetailReusableView.swift; sourceTree = "<group>"; };
		9054E0D32BF663A50047BAF4 /* DetailReusableView.xib */ = {isa = PBXFileReference; lastKnownFileType = file.xib; path = DetailReusableView.xib; sourceTree = "<group>"; };
		9054E0D62BF664530047BAF4 /* Video.swift */ = {isa = PBXFileReference; fileEncoding = 4; lastKnownFileType = sourcecode.swift; path = Video.swift; sourceTree = "<group>"; };
		9054E0D82BF666040047BAF4 /* MoviePosterCollectionViewCell.swift */ = {isa = PBXFileReference; lastKnownFileType = sourcecode.swift; path = MoviePosterCollectionViewCell.swift; sourceTree = "<group>"; };
		9054E0D92BF666040047BAF4 /* MoviePosterCollectionViewCell.xib */ = {isa = PBXFileReference; lastKnownFileType = file.xib; path = MoviePosterCollectionViewCell.xib; sourceTree = "<group>"; };
		9083BA622BF5CBAA00D88019 /* MovieSaver.app */ = {isa = PBXFileReference; explicitFileType = wrapper.application; includeInIndex = 0; path = MovieSaver.app; sourceTree = BUILT_PRODUCTS_DIR; };
		9083BA652BF5CBAA00D88019 /* AppDelegate.swift */ = {isa = PBXFileReference; lastKnownFileType = sourcecode.swift; path = AppDelegate.swift; sourceTree = "<group>"; };
		9083BA672BF5CBAA00D88019 /* SceneDelegate.swift */ = {isa = PBXFileReference; lastKnownFileType = sourcecode.swift; path = SceneDelegate.swift; sourceTree = "<group>"; };
		9083BA6F2BF5CBAA00D88019 /* MovieSaver.xcdatamodel */ = {isa = PBXFileReference; lastKnownFileType = wrapper.xcdatamodel; path = MovieSaver.xcdatamodel; sourceTree = "<group>"; };
		9083BA712BF5CBAD00D88019 /* Assets.xcassets */ = {isa = PBXFileReference; lastKnownFileType = folder.assetcatalog; path = Assets.xcassets; sourceTree = "<group>"; };
		9083BA742BF5CBAD00D88019 /* Base */ = {isa = PBXFileReference; lastKnownFileType = file.storyboard; name = Base; path = Base.lproj/LaunchScreen.storyboard; sourceTree = "<group>"; };
		9083BA762BF5CBAD00D88019 /* Info.plist */ = {isa = PBXFileReference; lastKnownFileType = text.plist.xml; path = Info.plist; sourceTree = "<group>"; };
		9083BA7C2BF5D72400D88019 /* RootTabBarViewController.swift */ = {isa = PBXFileReference; lastKnownFileType = sourcecode.swift; path = RootTabBarViewController.swift; sourceTree = "<group>"; };
		9083BA7E2BF5DA5600D88019 /* ExploreViewController.swift */ = {isa = PBXFileReference; lastKnownFileType = sourcecode.swift; path = ExploreViewController.swift; sourceTree = "<group>"; };
		9083BA7F2BF5DA5600D88019 /* ExploreViewController.xib */ = {isa = PBXFileReference; lastKnownFileType = file.xib; path = ExploreViewController.xib; sourceTree = "<group>"; };
		9083BA862BF5E10C00D88019 /* CarouselCollectionViewFlowLayout.swift */ = {isa = PBXFileReference; lastKnownFileType = sourcecode.swift; path = CarouselCollectionViewFlowLayout.swift; sourceTree = "<group>"; };
		9083BA8A2BF5E32A00D88019 /* CarouselCollectionViewCell.swift */ = {isa = PBXFileReference; lastKnownFileType = sourcecode.swift; path = CarouselCollectionViewCell.swift; sourceTree = "<group>"; };
		9083BA8C2BF5EA0F00D88019 /* NetworkManager.swift */ = {isa = PBXFileReference; lastKnownFileType = sourcecode.swift; path = NetworkManager.swift; sourceTree = "<group>"; };
		9083BA8E2BF5EB9000D88019 /* Movie.swift */ = {isa = PBXFileReference; lastKnownFileType = sourcecode.swift; path = Movie.swift; sourceTree = "<group>"; };
		9083BA902BF5F0CB00D88019 /* Genre.swift */ = {isa = PBXFileReference; lastKnownFileType = sourcecode.swift; path = Genre.swift; sourceTree = "<group>"; };
		9083BA942BF5F8C000D88019 /* CategoryCollectionReusableView.swift */ = {isa = PBXFileReference; lastKnownFileType = sourcecode.swift; path = CategoryCollectionReusableView.swift; sourceTree = "<group>"; };
		9083BA982BF60D9500D88019 /* CategoryViewModel.swift */ = {isa = PBXFileReference; lastKnownFileType = sourcecode.swift; path = CategoryViewModel.swift; sourceTree = "<group>"; };
		9083BA9A2BF610F700D88019 /* CategoryCollectionViewCell.swift */ = {isa = PBXFileReference; lastKnownFileType = sourcecode.swift; path = CategoryCollectionViewCell.swift; sourceTree = "<group>"; };
		9083BA9B2BF610F700D88019 /* CategoryCollectionViewCell.xib */ = {isa = PBXFileReference; lastKnownFileType = file.xib; path = CategoryCollectionViewCell.xib; sourceTree = "<group>"; };
		9083BA9F2BF6154F00D88019 /* DiscoveryCollectionViewCell.swift */ = {isa = PBXFileReference; lastKnownFileType = sourcecode.swift; path = DiscoveryCollectionViewCell.swift; sourceTree = "<group>"; };
		9083BAA02BF6154F00D88019 /* DiscoveryCollectionViewCell.xib */ = {isa = PBXFileReference; lastKnownFileType = file.xib; path = DiscoveryCollectionViewCell.xib; sourceTree = "<group>"; };
		9083BAA32BF615C600D88019 /* UIImageView+LoadUrl.swift */ = {isa = PBXFileReference; lastKnownFileType = sourcecode.swift; path = "UIImageView+LoadUrl.swift"; sourceTree = "<group>"; };
		90A45CD12BF6383C00E15DEB /* DiscoveryViewModel.swift */ = {isa = PBXFileReference; lastKnownFileType = sourcecode.swift; path = DiscoveryViewModel.swift; sourceTree = "<group>"; };
		90C905262BF83E2C009C4A30 /* en */ = {isa = PBXFileReference; lastKnownFileType = text.plist.strings; name = en; path = en.lproj/Localizable.strings; sourceTree = "<group>"; };
		90C905282BF83F73009C4A30 /* String+Localization.swift */ = {isa = PBXFileReference; lastKnownFileType = sourcecode.swift; path = "String+Localization.swift"; sourceTree = "<group>"; };
		90C9052A2BF8446C009C4A30 /* NotificationView.swift */ = {isa = PBXFileReference; lastKnownFileType = sourcecode.swift; path = NotificationView.swift; sourceTree = "<group>"; };
		90C905302BF87C75009C4A30 /* WebKit.framework */ = {isa = PBXFileReference; lastKnownFileType = wrapper.framework; name = WebKit.framework; path = System/Library/Frameworks/WebKit.framework; sourceTree = SDKROOT; };
		90C905332BF99B1B009C4A30 /* SearchViewController.swift */ = {isa = PBXFileReference; lastKnownFileType = sourcecode.swift; path = SearchViewController.swift; sourceTree = "<group>"; };
		90C905352BF99EF8009C4A30 /* SearchViewModel.swift */ = {isa = PBXFileReference; lastKnownFileType = sourcecode.swift; path = SearchViewModel.swift; sourceTree = "<group>"; };
		90C905372BF9A618009C4A30 /* UIViewController+HideKeyboard.swift */ = {isa = PBXFileReference; lastKnownFileType = sourcecode.swift; path = "UIViewController+HideKeyboard.swift"; sourceTree = "<group>"; };
		90E45A202BF6E32800EE9446 /* DataPersistenceManager.swift */ = {isa = PBXFileReference; lastKnownFileType = sourcecode.swift; path = DataPersistenceManager.swift; sourceTree = "<group>"; };
		90E45A222BF6EF1500EE9446 /* FavouriteViewModel.swift */ = {isa = PBXFileReference; lastKnownFileType = sourcecode.swift; path = FavouriteViewModel.swift; sourceTree = "<group>"; };
		90E45A272BF713BB00EE9446 /* MovieCollectionViewCell.swift */ = {isa = PBXFileReference; fileEncoding = 4; lastKnownFileType = sourcecode.swift; path = MovieCollectionViewCell.swift; sourceTree = "<group>"; };
		90E45A282BF713BB00EE9446 /* MovieCollectionViewCell.xib */ = {isa = PBXFileReference; fileEncoding = 4; lastKnownFileType = file.xib; path = MovieCollectionViewCell.xib; sourceTree = "<group>"; };
		90E45A2B2BF7163100EE9446 /* ViewController.swift */ = {isa = PBXFileReference; lastKnownFileType = sourcecode.swift; path = ViewController.swift; sourceTree = "<group>"; };
/* End PBXFileReference section */

/* Begin PBXFrameworksBuildPhase section */
		9083BA5F2BF5CBAA00D88019 /* Frameworks */ = {
			isa = PBXFrameworksBuildPhase;
			buildActionMask = 2147483647;
			files = (
				90C905312BF87C75009C4A30 /* WebKit.framework in Frameworks */,
			);
			runOnlyForDeploymentPostprocessing = 0;
		};
/* End PBXFrameworksBuildPhase section */

/* Begin PBXGroup section */
		9054E0C02BF648450047BAF4 /* Favourite */ = {
			isa = PBXGroup;
			children = (
				9054E0C12BF648450047BAF4 /* FavouriteViewController.swift */,
				90E45A222BF6EF1500EE9446 /* FavouriteViewModel.swift */,
				9054E0C22BF648450047BAF4 /* FavouriteViewController.xib */,
			);
			path = Favourite;
			sourceTree = "<group>";
		};
		9054E0CB2BF65F1E0047BAF4 /* Detail */ = {
			isa = PBXGroup;
			children = (
				9054E0CC2BF65F390047BAF4 /* DetailViewController.swift */,
				9054E0CD2BF65F390047BAF4 /* DetailViewController.xib */,
				9054E0D02BF663390047BAF4 /* DetailViewModel.swift */,
				9054E0D22BF663A50047BAF4 /* DetailReusableView.swift */,
				9054E0D32BF663A50047BAF4 /* DetailReusableView.xib */,
			);
			path = Detail;
			sourceTree = "<group>";
		};
		9083BA592BF5CBA900D88019 = {
			isa = PBXGroup;
			children = (
				9083BA642BF5CBAA00D88019 /* MovieSaver */,
				9083BA632BF5CBAA00D88019 /* Products */,
				90C9052F2BF87C74009C4A30 /* Frameworks */,
			);
			sourceTree = "<group>";
		};
		9083BA632BF5CBAA00D88019 /* Products */ = {
			isa = PBXGroup;
			children = (
				9083BA622BF5CBAA00D88019 /* MovieSaver.app */,
			);
			name = Products;
			sourceTree = "<group>";
		};
		9083BA642BF5CBAA00D88019 /* MovieSaver */ = {
			isa = PBXGroup;
			children = (
				90C905272BF83E2C009C4A30 /* Localizable.strings */,
				9083BA652BF5CBAA00D88019 /* AppDelegate.swift */,
				9083BA672BF5CBAA00D88019 /* SceneDelegate.swift */,
				9083BA712BF5CBAD00D88019 /* Assets.xcassets */,
				90A45CD82BF6477900E15DEB /* General */,
				9083BA762BF5CBAD00D88019 /* Info.plist */,
				9083BA732BF5CBAD00D88019 /* LaunchScreen.storyboard */,
				9083BA932BF5F81400D88019 /* Managers */,
				9083BA922BF5F7F600D88019 /* Models */,
				9083BA6E2BF5CBAA00D88019 /* MovieSaver.xcdatamodeld */,
				90E45A252BF7137A00EE9446 /* Extensions */,
				9083BA962BF60D7000D88019 /* Views */,
			);
			path = MovieSaver;
			sourceTree = "<group>";
		};
		9083BA922BF5F7F600D88019 /* Models */ = {
			isa = PBXGroup;
			children = (
				9054E0D62BF664530047BAF4 /* Video.swift */,
				9083BA902BF5F0CB00D88019 /* Genre.swift */,
				9083BA8E2BF5EB9000D88019 /* Movie.swift */,
			);
			path = Models;
			sourceTree = "<group>";
		};
		9083BA932BF5F81400D88019 /* Managers */ = {
			isa = PBXGroup;
			children = (
				9083BA8C2BF5EA0F00D88019 /* NetworkManager.swift */,
				90E45A202BF6E32800EE9446 /* DataPersistenceManager.swift */,
			);
			path = Managers;
			sourceTree = "<group>";
		};
		9083BA962BF60D7000D88019 /* Views */ = {
			isa = PBXGroup;
			children = (
				90C905322BF99AF4009C4A30 /* Search */,
				9054E0CB2BF65F1E0047BAF4 /* Detail */,
				90A45CD72BF6476600E15DEB /* Explore */,
				9054E0C02BF648450047BAF4 /* Favourite */,
			);
			path = Views;
			sourceTree = "<group>";
		};
		9083BA972BF60D7A00D88019 /* Category */ = {
			isa = PBXGroup;
			children = (
				9083BA942BF5F8C000D88019 /* CategoryCollectionReusableView.swift */,
				9083BA982BF60D9500D88019 /* CategoryViewModel.swift */,
				9083BA9A2BF610F700D88019 /* CategoryCollectionViewCell.swift */,
				9083BA9B2BF610F700D88019 /* CategoryCollectionViewCell.xib */,
			);
			path = Category;
			sourceTree = "<group>";
		};
		9083BA9E2BF6152600D88019 /* Discovery */ = {
			isa = PBXGroup;
			children = (
				9083BA862BF5E10C00D88019 /* CarouselCollectionViewFlowLayout.swift */,
				9083BA8A2BF5E32A00D88019 /* CarouselCollectionViewCell.swift */,
				9083BA9F2BF6154F00D88019 /* DiscoveryCollectionViewCell.swift */,
				9083BAA02BF6154F00D88019 /* DiscoveryCollectionViewCell.xib */,
				90A45CD12BF6383C00E15DEB /* DiscoveryViewModel.swift */,
			);
			path = Discovery;
			sourceTree = "<group>";
		};
		90A45CD72BF6476600E15DEB /* Explore */ = {
			isa = PBXGroup;
			children = (
				9083BA9E2BF6152600D88019 /* Discovery */,
				9083BA972BF60D7A00D88019 /* Category */,
				9083BA7E2BF5DA5600D88019 /* ExploreViewController.swift */,
				9054E0C52BF648850047BAF4 /* ExploreViewModel.swift */,
				9083BA7F2BF5DA5600D88019 /* ExploreViewController.xib */,
			);
			path = Explore;
			sourceTree = "<group>";
		};
		90A45CD82BF6477900E15DEB /* General */ = {
			isa = PBXGroup;
			children = (
				90E45A262BF713BB00EE9446 /* Components */,
				9054E0C92BF65D650047BAF4 /* RootNavigationController.swift */,
				9083BA7C2BF5D72400D88019 /* RootTabBarViewController.swift */,
				90E45A2B2BF7163100EE9446 /* ViewController.swift */,
			);
			path = General;
			sourceTree = "<group>";
		};
		90C9052F2BF87C74009C4A30 /* Frameworks */ = {
			isa = PBXGroup;
			children = (
				90C905302BF87C75009C4A30 /* WebKit.framework */,
			);
			name = Frameworks;
			sourceTree = "<group>";
		};
		90C905322BF99AF4009C4A30 /* Search */ = {
			isa = PBXGroup;
			children = (
				90C905332BF99B1B009C4A30 /* SearchViewController.swift */,
				90C905352BF99EF8009C4A30 /* SearchViewModel.swift */,
			);
			path = Search;
			sourceTree = "<group>";
		};
		90E45A252BF7137A00EE9446 /* Extensions */ = {
			isa = PBXGroup;
			children = (
				9083BAA32BF615C600D88019 /* UIImageView+LoadUrl.swift */,
				9054E0C72BF656F80047BAF4 /* NotificationCenter+Name.swift */,
				90C905282BF83F73009C4A30 /* String+Localization.swift */,
				90C905372BF9A618009C4A30 /* UIViewController+HideKeyboard.swift */,
			);
			path = Extensions;
			sourceTree = "<group>";
		};
		90E45A262BF713BB00EE9446 /* Components */ = {
			isa = PBXGroup;
			children = (
				9054E0D82BF666040047BAF4 /* MoviePosterCollectionViewCell.swift */,
				9054E0D92BF666040047BAF4 /* MoviePosterCollectionViewCell.xib */,
				90E45A272BF713BB00EE9446 /* MovieCollectionViewCell.swift */,
				90E45A282BF713BB00EE9446 /* MovieCollectionViewCell.xib */,
				90C9052A2BF8446C009C4A30 /* NotificationView.swift */,
			);
			path = Components;
			sourceTree = "<group>";
		};
/* End PBXGroup section */

/* Begin PBXNativeTarget section */
		9083BA612BF5CBAA00D88019 /* MovieSaver */ = {
			isa = PBXNativeTarget;
			buildConfigurationList = 9083BA792BF5CBAD00D88019 /* Build configuration list for PBXNativeTarget "MovieSaver" */;
			buildPhases = (
				9083BA5E2BF5CBAA00D88019 /* Sources */,
				9083BA5F2BF5CBAA00D88019 /* Frameworks */,
				9083BA602BF5CBAA00D88019 /* Resources */,
			);
			buildRules = (
			);
			dependencies = (
			);
			name = MovieSaver;
			productName = MovieSaver;
			productReference = 9083BA622BF5CBAA00D88019 /* MovieSaver.app */;
			productType = "com.apple.product-type.application";
		};
/* End PBXNativeTarget section */

/* Begin PBXProject section */
		9083BA5A2BF5CBA900D88019 /* Project object */ = {
			isa = PBXProject;
			attributes = {
				BuildIndependentTargetsInParallel = 1;
				LastSwiftUpdateCheck = 1410;
				LastUpgradeCheck = 1410;
				TargetAttributes = {
					9083BA612BF5CBAA00D88019 = {
						CreatedOnToolsVersion = 14.1;
					};
				};
			};
			buildConfigurationList = 9083BA5D2BF5CBA900D88019 /* Build configuration list for PBXProject "MovieSaver" */;
			compatibilityVersion = "Xcode 14.0";
			developmentRegion = en;
			hasScannedForEncodings = 0;
			knownRegions = (
				en,
				Base,
			);
			mainGroup = 9083BA592BF5CBA900D88019;
			productRefGroup = 9083BA632BF5CBAA00D88019 /* Products */;
			projectDirPath = "";
			projectRoot = "";
			targets = (
				9083BA612BF5CBAA00D88019 /* MovieSaver */,
			);
		};
/* End PBXProject section */

/* Begin PBXResourcesBuildPhase section */
		9083BA602BF5CBAA00D88019 /* Resources */ = {
			isa = PBXResourcesBuildPhase;
			buildActionMask = 2147483647;
			files = (
				9054E0DB2BF666040047BAF4 /* MoviePosterCollectionViewCell.xib in Resources */,
				90C905252BF83E2C009C4A30 /* Localizable.strings in Resources */,
				9083BA812BF5DA5600D88019 /* ExploreViewController.xib in Resources */,
				9083BA9D2BF610F700D88019 /* CategoryCollectionViewCell.xib in Resources */,
				9083BA752BF5CBAD00D88019 /* LaunchScreen.storyboard in Resources */,
				9054E0CF2BF65F390047BAF4 /* DetailViewController.xib in Resources */,
				90E45A2A2BF713BB00EE9446 /* MovieCollectionViewCell.xib in Resources */,
				9054E0C42BF648450047BAF4 /* FavouriteViewController.xib in Resources */,
				9054E0D52BF663A50047BAF4 /* DetailReusableView.xib in Resources */,
				9083BA722BF5CBAD00D88019 /* Assets.xcassets in Resources */,
				9083BAA22BF6154F00D88019 /* DiscoveryCollectionViewCell.xib in Resources */,
			);
			runOnlyForDeploymentPostprocessing = 0;
		};
/* End PBXResourcesBuildPhase section */

/* Begin PBXSourcesBuildPhase section */
		9083BA5E2BF5CBAA00D88019 /* Sources */ = {
			isa = PBXSourcesBuildPhase;
			buildActionMask = 2147483647;
			files = (
				90C905362BF99EF8009C4A30 /* SearchViewModel.swift in Sources */,
				9083BA872BF5E10C00D88019 /* CarouselCollectionViewFlowLayout.swift in Sources */,
				9083BA702BF5CBAA00D88019 /* MovieSaver.xcdatamodeld in Sources */,
				9083BA7D2BF5D72400D88019 /* RootTabBarViewController.swift in Sources */,
				9083BA952BF5F8C000D88019 /* CategoryCollectionReusableView.swift in Sources */,
				9054E0C32BF648450047BAF4 /* FavouriteViewController.swift in Sources */,
				9083BA912BF5F0CB00D88019 /* Genre.swift in Sources */,
				90A45CD22BF6383C00E15DEB /* DiscoveryViewModel.swift in Sources */,
				90C9052B2BF8446C009C4A30 /* NotificationView.swift in Sources */,
				9083BA8D2BF5EA0F00D88019 /* NetworkManager.swift in Sources */,
				90E45A232BF6EF1500EE9446 /* FavouriteViewModel.swift in Sources */,
				90C905342BF99B1B009C4A30 /* SearchViewController.swift in Sources */,
				90C905292BF83F73009C4A30 /* String+Localization.swift in Sources */,
				9054E0D42BF663A50047BAF4 /* DetailReusableView.swift in Sources */,
				9054E0C82BF656F80047BAF4 /* NotificationCenter+Name.swift in Sources */,
				90C905382BF9A618009C4A30 /* UIViewController+HideKeyboard.swift in Sources */,
				90E45A292BF713BB00EE9446 /* MovieCollectionViewCell.swift in Sources */,
				9083BA8F2BF5EB9000D88019 /* Movie.swift in Sources */,
				9083BA8B2BF5E32A00D88019 /* CarouselCollectionViewCell.swift in Sources */,
				9054E0DA2BF666040047BAF4 /* MoviePosterCollectionViewCell.swift in Sources */,
				9054E0D12BF663390047BAF4 /* DetailViewModel.swift in Sources */,
				9054E0CE2BF65F390047BAF4 /* DetailViewController.swift in Sources */,
				9083BA802BF5DA5600D88019 /* ExploreViewController.swift in Sources */,
				9083BA992BF60D9500D88019 /* CategoryViewModel.swift in Sources */,
				9083BA9C2BF610F700D88019 /* CategoryCollectionViewCell.swift in Sources */,
				90E45A2C2BF7163100EE9446 /* ViewController.swift in Sources */,
				90E45A212BF6E32800EE9446 /* DataPersistenceManager.swift in Sources */,
				9083BA662BF5CBAA00D88019 /* AppDelegate.swift in Sources */,
				9054E0CA2BF65D650047BAF4 /* RootNavigationController.swift in Sources */,
				9083BA682BF5CBAA00D88019 /* SceneDelegate.swift in Sources */,
				9083BAA42BF615C600D88019 /* UIImageView+LoadUrl.swift in Sources */,
				9054E0C62BF648850047BAF4 /* ExploreViewModel.swift in Sources */,
				9083BAA12BF6154F00D88019 /* DiscoveryCollectionViewCell.swift in Sources */,
				9054E0D72BF664530047BAF4 /* Video.swift in Sources */,
			);
			runOnlyForDeploymentPostprocessing = 0;
		};
/* End PBXSourcesBuildPhase section */

/* Begin PBXVariantGroup section */
		9083BA732BF5CBAD00D88019 /* LaunchScreen.storyboard */ = {
			isa = PBXVariantGroup;
			children = (
				9083BA742BF5CBAD00D88019 /* Base */,
			);
			name = LaunchScreen.storyboard;
			sourceTree = "<group>";
		};
		90C905272BF83E2C009C4A30 /* Localizable.strings */ = {
			isa = PBXVariantGroup;
			children = (
				90C905262BF83E2C009C4A30 /* en */,
			);
			name = Localizable.strings;
			sourceTree = "<group>";
		};
/* End PBXVariantGroup section */

/* Begin XCBuildConfiguration section */
		9083BA772BF5CBAD00D88019 /* Debug */ = {
			isa = XCBuildConfiguration;
			buildSettings = {
				ALWAYS_SEARCH_USER_PATHS = NO;
				CLANG_ANALYZER_NONNULL = YES;
				CLANG_ANALYZER_NUMBER_OBJECT_CONVERSION = YES_AGGRESSIVE;
				CLANG_CXX_LANGUAGE_STANDARD = "gnu++20";
				CLANG_ENABLE_MODULES = YES;
				CLANG_ENABLE_OBJC_ARC = YES;
				CLANG_ENABLE_OBJC_WEAK = YES;
				CLANG_WARN_BLOCK_CAPTURE_AUTORELEASING = YES;
				CLANG_WARN_BOOL_CONVERSION = YES;
				CLANG_WARN_COMMA = YES;
				CLANG_WARN_CONSTANT_CONVERSION = YES;
				CLANG_WARN_DEPRECATED_OBJC_IMPLEMENTATIONS = YES;
				CLANG_WARN_DIRECT_OBJC_ISA_USAGE = YES_ERROR;
				CLANG_WARN_DOCUMENTATION_COMMENTS = YES;
				CLANG_WARN_EMPTY_BODY = YES;
				CLANG_WARN_ENUM_CONVERSION = YES;
				CLANG_WARN_INFINITE_RECURSION = YES;
				CLANG_WARN_INT_CONVERSION = YES;
				CLANG_WARN_NON_LITERAL_NULL_CONVERSION = YES;
				CLANG_WARN_OBJC_IMPLICIT_RETAIN_SELF = YES;
				CLANG_WARN_OBJC_LITERAL_CONVERSION = YES;
				CLANG_WARN_OBJC_ROOT_CLASS = YES_ERROR;
				CLANG_WARN_QUOTED_INCLUDE_IN_FRAMEWORK_HEADER = YES;
				CLANG_WARN_RANGE_LOOP_ANALYSIS = YES;
				CLANG_WARN_STRICT_PROTOTYPES = YES;
				CLANG_WARN_SUSPICIOUS_MOVE = YES;
				CLANG_WARN_UNGUARDED_AVAILABILITY = YES_AGGRESSIVE;
				CLANG_WARN_UNREACHABLE_CODE = YES;
				CLANG_WARN__DUPLICATE_METHOD_MATCH = YES;
				COPY_PHASE_STRIP = NO;
				DEBUG_INFORMATION_FORMAT = dwarf;
				ENABLE_STRICT_OBJC_MSGSEND = YES;
				ENABLE_TESTABILITY = YES;
				GCC_C_LANGUAGE_STANDARD = gnu11;
				GCC_DYNAMIC_NO_PIC = NO;
				GCC_NO_COMMON_BLOCKS = YES;
				GCC_OPTIMIZATION_LEVEL = 0;
				GCC_PREPROCESSOR_DEFINITIONS = (
					"DEBUG=1",
					"$(inherited)",
				);
				GCC_WARN_64_TO_32_BIT_CONVERSION = YES;
				GCC_WARN_ABOUT_RETURN_TYPE = YES_ERROR;
				GCC_WARN_UNDECLARED_SELECTOR = YES;
				GCC_WARN_UNINITIALIZED_AUTOS = YES_AGGRESSIVE;
				GCC_WARN_UNUSED_FUNCTION = YES;
				GCC_WARN_UNUSED_VARIABLE = YES;
				IPHONEOS_DEPLOYMENT_TARGET = 12.0;
				MTL_ENABLE_DEBUG_INFO = INCLUDE_SOURCE;
				MTL_FAST_MATH = YES;
				ONLY_ACTIVE_ARCH = YES;
				SDKROOT = iphoneos;
				SWIFT_ACTIVE_COMPILATION_CONDITIONS = DEBUG;
				SWIFT_OPTIMIZATION_LEVEL = "-Onone";
			};
			name = Debug;
		};
		9083BA782BF5CBAD00D88019 /* Release */ = {
			isa = XCBuildConfiguration;
			buildSettings = {
				ALWAYS_SEARCH_USER_PATHS = NO;
				CLANG_ANALYZER_NONNULL = YES;
				CLANG_ANALYZER_NUMBER_OBJECT_CONVERSION = YES_AGGRESSIVE;
				CLANG_CXX_LANGUAGE_STANDARD = "gnu++20";
				CLANG_ENABLE_MODULES = YES;
				CLANG_ENABLE_OBJC_ARC = YES;
				CLANG_ENABLE_OBJC_WEAK = YES;
				CLANG_WARN_BLOCK_CAPTURE_AUTORELEASING = YES;
				CLANG_WARN_BOOL_CONVERSION = YES;
				CLANG_WARN_COMMA = YES;
				CLANG_WARN_CONSTANT_CONVERSION = YES;
				CLANG_WARN_DEPRECATED_OBJC_IMPLEMENTATIONS = YES;
				CLANG_WARN_DIRECT_OBJC_ISA_USAGE = YES_ERROR;
				CLANG_WARN_DOCUMENTATION_COMMENTS = YES;
				CLANG_WARN_EMPTY_BODY = YES;
				CLANG_WARN_ENUM_CONVERSION = YES;
				CLANG_WARN_INFINITE_RECURSION = YES;
				CLANG_WARN_INT_CONVERSION = YES;
				CLANG_WARN_NON_LITERAL_NULL_CONVERSION = YES;
				CLANG_WARN_OBJC_IMPLICIT_RETAIN_SELF = YES;
				CLANG_WARN_OBJC_LITERAL_CONVERSION = YES;
				CLANG_WARN_OBJC_ROOT_CLASS = YES_ERROR;
				CLANG_WARN_QUOTED_INCLUDE_IN_FRAMEWORK_HEADER = YES;
				CLANG_WARN_RANGE_LOOP_ANALYSIS = YES;
				CLANG_WARN_STRICT_PROTOTYPES = YES;
				CLANG_WARN_SUSPICIOUS_MOVE = YES;
				CLANG_WARN_UNGUARDED_AVAILABILITY = YES_AGGRESSIVE;
				CLANG_WARN_UNREACHABLE_CODE = YES;
				CLANG_WARN__DUPLICATE_METHOD_MATCH = YES;
				COPY_PHASE_STRIP = NO;
				DEBUG_INFORMATION_FORMAT = "dwarf-with-dsym";
				ENABLE_NS_ASSERTIONS = NO;
				ENABLE_STRICT_OBJC_MSGSEND = YES;
				GCC_C_LANGUAGE_STANDARD = gnu11;
				GCC_NO_COMMON_BLOCKS = YES;
				GCC_WARN_64_TO_32_BIT_CONVERSION = YES;
				GCC_WARN_ABOUT_RETURN_TYPE = YES_ERROR;
				GCC_WARN_UNDECLARED_SELECTOR = YES;
				GCC_WARN_UNINITIALIZED_AUTOS = YES_AGGRESSIVE;
				GCC_WARN_UNUSED_FUNCTION = YES;
				GCC_WARN_UNUSED_VARIABLE = YES;
				IPHONEOS_DEPLOYMENT_TARGET = 12.0;
				MTL_ENABLE_DEBUG_INFO = NO;
				MTL_FAST_MATH = YES;
				SDKROOT = iphoneos;
				SWIFT_COMPILATION_MODE = wholemodule;
				SWIFT_OPTIMIZATION_LEVEL = "-O";
				VALIDATE_PRODUCT = YES;
			};
			name = Release;
		};
		9083BA7A2BF5CBAD00D88019 /* Debug */ = {
			isa = XCBuildConfiguration;
			buildSettings = {
				ASSETCATALOG_COMPILER_APPICON_NAME = AppIcon;
				ASSETCATALOG_COMPILER_GLOBAL_ACCENT_COLOR_NAME = AccentColor;
				CODE_SIGN_STYLE = Automatic;
				CURRENT_PROJECT_VERSION = 1;
				DEVELOPMENT_TEAM = QF7698Z63D;
				GENERATE_INFOPLIST_FILE = YES;
				INFOPLIST_FILE = MovieSaver/Info.plist;
				INFOPLIST_KEY_UIApplicationSupportsIndirectInputEvents = YES;
				INFOPLIST_KEY_UILaunchStoryboardName = LaunchScreen;
				INFOPLIST_KEY_UIMainStoryboardFile = "";
				INFOPLIST_KEY_UISupportedInterfaceOrientations_iPad = "UIInterfaceOrientationPortrait UIInterfaceOrientationPortraitUpsideDown UIInterfaceOrientationLandscapeLeft UIInterfaceOrientationLandscapeRight";
				INFOPLIST_KEY_UISupportedInterfaceOrientations_iPhone = "UIInterfaceOrientationPortrait UIInterfaceOrientationLandscapeLeft UIInterfaceOrientationLandscapeRight";
				IPHONEOS_DEPLOYMENT_TARGET = 12.0;
				LD_RUNPATH_SEARCH_PATHS = (
					"$(inherited)",
					"@executable_path/Frameworks",
				);
				MARKETING_VERSION = 1.0;
				PRODUCT_BUNDLE_IDENTIFIER = com.tungduong.MovieSaver;
				PRODUCT_NAME = "$(TARGET_NAME)";
				SWIFT_EMIT_LOC_STRINGS = YES;
				SWIFT_VERSION = 5.0;
				TARGETED_DEVICE_FAMILY = "1,2";
			};
			name = Debug;
		};
		9083BA7B2BF5CBAD00D88019 /* Release */ = {
			isa = XCBuildConfiguration;
			buildSettings = {
				ASSETCATALOG_COMPILER_APPICON_NAME = AppIcon;
				ASSETCATALOG_COMPILER_GLOBAL_ACCENT_COLOR_NAME = AccentColor;
				CODE_SIGN_STYLE = Automatic;
				CURRENT_PROJECT_VERSION = 1;
				DEVELOPMENT_TEAM = QF7698Z63D;
				GENERATE_INFOPLIST_FILE = YES;
				INFOPLIST_FILE = MovieSaver/Info.plist;
				INFOPLIST_KEY_UIApplicationSupportsIndirectInputEvents = YES;
				INFOPLIST_KEY_UILaunchStoryboardName = LaunchScreen;
				INFOPLIST_KEY_UIMainStoryboardFile = "";
				INFOPLIST_KEY_UISupportedInterfaceOrientations_iPad = "UIInterfaceOrientationPortrait UIInterfaceOrientationPortraitUpsideDown UIInterfaceOrientationLandscapeLeft UIInterfaceOrientationLandscapeRight";
				INFOPLIST_KEY_UISupportedInterfaceOrientations_iPhone = "UIInterfaceOrientationPortrait UIInterfaceOrientationLandscapeLeft UIInterfaceOrientationLandscapeRight";
				IPHONEOS_DEPLOYMENT_TARGET = 12.0;
				LD_RUNPATH_SEARCH_PATHS = (
					"$(inherited)",
					"@executable_path/Frameworks",
				);
				MARKETING_VERSION = 1.0;
				PRODUCT_BUNDLE_IDENTIFIER = com.tungduong.MovieSaver;
				PRODUCT_NAME = "$(TARGET_NAME)";
				SWIFT_EMIT_LOC_STRINGS = YES;
				SWIFT_VERSION = 5.0;
				TARGETED_DEVICE_FAMILY = "1,2";
			};
			name = Release;
		};
/* End XCBuildConfiguration section */

/* Begin XCConfigurationList section */
		9083BA5D2BF5CBA900D88019 /* Build configuration list for PBXProject "MovieSaver" */ = {
			isa = XCConfigurationList;
			buildConfigurations = (
				9083BA772BF5CBAD00D88019 /* Debug */,
				9083BA782BF5CBAD00D88019 /* Release */,
			);
			defaultConfigurationIsVisible = 0;
			defaultConfigurationName = Release;
		};
		9083BA792BF5CBAD00D88019 /* Build configuration list for PBXNativeTarget "MovieSaver" */ = {
			isa = XCConfigurationList;
			buildConfigurations = (
				9083BA7A2BF5CBAD00D88019 /* Debug */,
				9083BA7B2BF5CBAD00D88019 /* Release */,
			);
			defaultConfigurationIsVisible = 0;
			defaultConfigurationName = Release;
		};
/* End XCConfigurationList section */

/* Begin XCVersionGroup section */
		9083BA6E2BF5CBAA00D88019 /* MovieSaver.xcdatamodeld */ = {
			isa = XCVersionGroup;
			children = (
				9083BA6F2BF5CBAA00D88019 /* MovieSaver.xcdatamodel */,
			);
			currentVersion = 9083BA6F2BF5CBAA00D88019 /* MovieSaver.xcdatamodel */;
			path = MovieSaver.xcdatamodeld;
			sourceTree = "<group>";
			versionGroupType = wrapper.xcdatamodel;
		};
/* End XCVersionGroup section */
	};
	rootObject = 9083BA5A2BF5CBA900D88019 /* Project object */;
}
